
Microsoft Visual Studio Solution File, Format Version 12.00
# Visual Studio Version 17
VisualStudioVersion = 17.3.32901.215
MinimumVisualStudioVersion = 10.0.40219.1
Project("{FAE04EC0-301F-11D3-BF4B-00C04F79EFBC}") = "SortierAlgorythmus", "SortierAlgorythmus\SortierAlgorythmus.csproj", "{41D6ADD1-F12F-41C1-8845-3BA49669C9B4}"
EndProject
Global
	GlobalSection(SolutionConfigurationPlatforms) = preSolution
		Debug|Any CPU = Debug|Any CPU
		Release|Any CPU = Release|Any CPU
	EndGlobalSection
	GlobalSection(ProjectConfigurationPlatforms) = postSolution
		{41D6ADD1-F12F-41C1-8845-3BA49669C9B4}.Debug|Any CPU.ActiveCfg = Debug|Any CPU
		{41D6ADD1-F12F-41C1-8845-3BA49669C9B4}.Debug|Any CPU.Build.0 = Debug|Any CPU
		{41D6ADD1-F12F-41C1-8845-3BA49669C9B4}.Release|Any CPU.ActiveCfg = Release|Any CPU
		{41D6ADD1-F12F-41C1-8845-3BA49669C9B4}.Release|Any CPU.Build.0 = Release|Any CPU
	EndGlobalSection
	GlobalSection(SolutionProperties) = preSolution
		HideSolutionNode = FALSE
	EndGlobalSection
	GlobalSection(ExtensibilityGlobals) = postSolution
		SolutionGuid = {AA2293BD-CD2D-40CD-9D5B-AF65D93A1724}
	EndGlobalSection
EndGlobal
