
Microsoft Visual Studio Solution File, Format Version 12.00
# Visual Studio Version 16
VisualStudioVersion = 16.0.32901.82
MinimumVisualStudioVersion = 10.0.40219.1
Project("{FAE04EC0-301F-11D3-BF4B-00C04F79EFBC}") = "Vektor Mathematik", "Vektor Mathematik\Vektor Mathematik.csproj", "{310F8E58-3A19-41FB-9E15-D2F201D29A08}"
EndProject
Global
	GlobalSection(SolutionConfigurationPlatforms) = preSolution
		Debug|Any CPU = Debug|Any CPU
		Release|Any CPU = Release|Any CPU
	EndGlobalSection
	GlobalSection(ProjectConfigurationPlatforms) = postSolution
		{310F8E58-3A19-41FB-9E15-D2F201D29A08}.Debug|Any CPU.ActiveCfg = Debug|Any CPU
		{310F8E58-3A19-41FB-9E15-D2F201D29A08}.Debug|Any CPU.Build.0 = Debug|Any CPU
		{310F8E58-3A19-41FB-9E15-D2F201D29A08}.Release|Any CPU.ActiveCfg = Release|Any CPU
		{310F8E58-3A19-41FB-9E15-D2F201D29A08}.Release|Any CPU.Build.0 = Release|Any CPU
	EndGlobalSection
	GlobalSection(SolutionProperties) = preSolution
		HideSolutionNode = FALSE
	EndGlobalSection
	GlobalSection(ExtensibilityGlobals) = postSolution
		SolutionGuid = {9120C513-644E-4834-8D91-ACF2E3156CA4}
	EndGlobalSection
EndGlobal
